
Microsoft Visual Studio Solution File, Format Version 12.00
# Visual Studio Version 16
VisualStudioVersion = 16.0.30204.135
MinimumVisualStudioVersion = 10.0.40219.1
Project("{FAE04EC0-301F-11D3-BF4B-00C04F79EFBC}") = "DBConnection", "DBConnection\DBConnection.csproj", "{11BD2D96-D65C-4000-821D-707AD2500328}"
EndProject
Global
	GlobalSection(SolutionConfigurationPlatforms) = preSolution
		Debug|Any CPU = Debug|Any CPU
		Release|Any CPU = Release|Any CPU
	EndGlobalSection
	GlobalSection(ProjectConfigurationPlatforms) = postSolution
		{11BD2D96-D65C-4000-821D-707AD2500328}.Debug|Any CPU.ActiveCfg = Debug|Any CPU
		{11BD2D96-D65C-4000-821D-707AD2500328}.Debug|Any CPU.Build.0 = Debug|Any CPU
		{11BD2D96-D65C-4000-821D-707AD2500328}.Release|Any CPU.ActiveCfg = Release|Any CPU
		{11BD2D96-D65C-4000-821D-707AD2500328}.Release|Any CPU.Build.0 = Release|Any CPU
	EndGlobalSection
	GlobalSection(SolutionProperties) = preSolution
		HideSolutionNode = FALSE
	EndGlobalSection
	GlobalSection(ExtensibilityGlobals) = postSolution
		SolutionGuid = {AE690ED2-04D2-4C83-A99D-970F4513A959}
	EndGlobalSection
EndGlobal
