
Microsoft Visual Studio Solution File, Format Version 12.00
# Visual Studio Version 16
VisualStudioVersion = 16.0.30204.135
MinimumVisualStudioVersion = 10.0.40219.1
Project("{FAE04EC0-301F-11D3-BF4B-00C04F79EFBC}") = "Encapsulation", "Encapsulation\Encapsulation.csproj", "{30DF8FA8-1536-4A13-B8EF-DB1529931151}"
EndProject
Global
	GlobalSection(SolutionConfigurationPlatforms) = preSolution
		Debug|Any CPU = Debug|Any CPU
		Release|Any CPU = Release|Any CPU
	EndGlobalSection
	GlobalSection(ProjectConfigurationPlatforms) = postSolution
		{30DF8FA8-1536-4A13-B8EF-DB1529931151}.Debug|Any CPU.ActiveCfg = Debug|Any CPU
		{30DF8FA8-1536-4A13-B8EF-DB1529931151}.Debug|Any CPU.Build.0 = Debug|Any CPU
		{30DF8FA8-1536-4A13-B8EF-DB1529931151}.Release|Any CPU.ActiveCfg = Release|Any CPU
		{30DF8FA8-1536-4A13-B8EF-DB1529931151}.Release|Any CPU.Build.0 = Release|Any CPU
	EndGlobalSection
	GlobalSection(SolutionProperties) = preSolution
		HideSolutionNode = FALSE
	EndGlobalSection
	GlobalSection(ExtensibilityGlobals) = postSolution
		SolutionGuid = {86D0E277-8696-4E4D-95B5-73B9728524E5}
	EndGlobalSection
EndGlobal
