
Microsoft Visual Studio Solution File, Format Version 12.00
# Visual Studio Version 16
VisualStudioVersion = 16.0.30204.135
MinimumVisualStudioVersion = 10.0.40219.1
Project("{FAE04EC0-301F-11D3-BF4B-00C04F79EFBC}") = "QueueClass", "QueueClass\QueueClass.csproj", "{20114CF1-D342-4F4B-B652-4837474AE3BF}"
EndProject
Global
	GlobalSection(SolutionConfigurationPlatforms) = preSolution
		Debug|Any CPU = Debug|Any CPU
		Release|Any CPU = Release|Any CPU
	EndGlobalSection
	GlobalSection(ProjectConfigurationPlatforms) = postSolution
		{20114CF1-D342-4F4B-B652-4837474AE3BF}.Debug|Any CPU.ActiveCfg = Debug|Any CPU
		{20114CF1-D342-4F4B-B652-4837474AE3BF}.Debug|Any CPU.Build.0 = Debug|Any CPU
		{20114CF1-D342-4F4B-B652-4837474AE3BF}.Release|Any CPU.ActiveCfg = Release|Any CPU
		{20114CF1-D342-4F4B-B652-4837474AE3BF}.Release|Any CPU.Build.0 = Release|Any CPU
	EndGlobalSection
	GlobalSection(SolutionProperties) = preSolution
		HideSolutionNode = FALSE
	EndGlobalSection
	GlobalSection(ExtensibilityGlobals) = postSolution
		SolutionGuid = {B2973338-5F24-4549-A4BF-636A2A09C8FE}
	EndGlobalSection
EndGlobal
