
Microsoft Visual Studio Solution File, Format Version 12.00
# Visual Studio Version 16
VisualStudioVersion = 16.0.30204.135
MinimumVisualStudioVersion = 10.0.40219.1
Project("{FAE04EC0-301F-11D3-BF4B-00C04F79EFBC}") = "Abstraction", "Abstraction\Abstraction.csproj", "{649A6A0E-7D31-4286-A05B-AAF972A35506}"
EndProject
Global
	GlobalSection(SolutionConfigurationPlatforms) = preSolution
		Debug|Any CPU = Debug|Any CPU
		Release|Any CPU = Release|Any CPU
	EndGlobalSection
	GlobalSection(ProjectConfigurationPlatforms) = postSolution
		{649A6A0E-7D31-4286-A05B-AAF972A35506}.Debug|Any CPU.ActiveCfg = Debug|Any CPU
		{649A6A0E-7D31-4286-A05B-AAF972A35506}.Debug|Any CPU.Build.0 = Debug|Any CPU
		{649A6A0E-7D31-4286-A05B-AAF972A35506}.Release|Any CPU.ActiveCfg = Release|Any CPU
		{649A6A0E-7D31-4286-A05B-AAF972A35506}.Release|Any CPU.Build.0 = Release|Any CPU
	EndGlobalSection
	GlobalSection(SolutionProperties) = preSolution
		HideSolutionNode = FALSE
	EndGlobalSection
	GlobalSection(ExtensibilityGlobals) = postSolution
		SolutionGuid = {AA75ABFC-B502-4521-8E20-B5D9EF510363}
	EndGlobalSection
EndGlobal
