
Microsoft Visual Studio Solution File, Format Version 12.00
# Visual Studio Version 16
VisualStudioVersion = 16.0.30204.135
MinimumVisualStudioVersion = 10.0.40219.1
Project("{FAE04EC0-301F-11D3-BF4B-00C04F79EFBC}") = "StaticPolymorphism", "StaticPolymorphism\StaticPolymorphism.csproj", "{12E7B9DA-01B5-4121-9FE6-053D3FAE166B}"
EndProject
Global
	GlobalSection(SolutionConfigurationPlatforms) = preSolution
		Debug|Any CPU = Debug|Any CPU
		Release|Any CPU = Release|Any CPU
	EndGlobalSection
	GlobalSection(ProjectConfigurationPlatforms) = postSolution
		{12E7B9DA-01B5-4121-9FE6-053D3FAE166B}.Debug|Any CPU.ActiveCfg = Debug|Any CPU
		{12E7B9DA-01B5-4121-9FE6-053D3FAE166B}.Debug|Any CPU.Build.0 = Debug|Any CPU
		{12E7B9DA-01B5-4121-9FE6-053D3FAE166B}.Release|Any CPU.ActiveCfg = Release|Any CPU
		{12E7B9DA-01B5-4121-9FE6-053D3FAE166B}.Release|Any CPU.Build.0 = Release|Any CPU
	EndGlobalSection
	GlobalSection(SolutionProperties) = preSolution
		HideSolutionNode = FALSE
	EndGlobalSection
	GlobalSection(ExtensibilityGlobals) = postSolution
		SolutionGuid = {8F385F32-8BC4-41F5-9E44-04DE4C9D48CB}
	EndGlobalSection
EndGlobal
