
Microsoft Visual Studio Solution File, Format Version 12.00
# Visual Studio Version 16
VisualStudioVersion = 16.0.30204.135
MinimumVisualStudioVersion = 10.0.40219.1
Project("{FAE04EC0-301F-11D3-BF4B-00C04F79EFBC}") = "WritingFiles", "WritingFiles\WritingFiles.csproj", "{BB4D78E7-C365-4435-BD16-4FDC293C1BD7}"
EndProject
Global
	GlobalSection(SolutionConfigurationPlatforms) = preSolution
		Debug|Any CPU = Debug|Any CPU
		Release|Any CPU = Release|Any CPU
	EndGlobalSection
	GlobalSection(ProjectConfigurationPlatforms) = postSolution
		{BB4D78E7-C365-4435-BD16-4FDC293C1BD7}.Debug|Any CPU.ActiveCfg = Debug|Any CPU
		{BB4D78E7-C365-4435-BD16-4FDC293C1BD7}.Debug|Any CPU.Build.0 = Debug|Any CPU
		{BB4D78E7-C365-4435-BD16-4FDC293C1BD7}.Release|Any CPU.ActiveCfg = Release|Any CPU
		{BB4D78E7-C365-4435-BD16-4FDC293C1BD7}.Release|Any CPU.Build.0 = Release|Any CPU
	EndGlobalSection
	GlobalSection(SolutionProperties) = preSolution
		HideSolutionNode = FALSE
	EndGlobalSection
	GlobalSection(ExtensibilityGlobals) = postSolution
		SolutionGuid = {BACFFD5A-C25D-43D4-B523-009E89868932}
	EndGlobalSection
EndGlobal
